
Microsoft Visual Studio Solution File, Format Version 12.00
# Visual Studio Version 17
VisualStudioVersion = 17.13.36105.23
MinimumVisualStudioVersion = 10.0.40219.1
Project("{FAE04EC0-301F-11D3-BF4B-00C04F79EFBC}") = "Works4me.Xurrent.GraphQL", "Works4me.Xurrent.GraphQL\Works4me.Xurrent.GraphQL.csproj", "{32AF1B0E-9893-62B1-671E-2F1CB4E54F37}"
EndProject
Project("{FAE04EC0-301F-11D3-BF4B-00C04F79EFBC}") = "Works4me.Xurrent.GraphQL.Tests", "Works4me.Xurrent.GraphQL.Tests\Works4me.Xurrent.GraphQL.Tests.csproj", "{EF3E95DA-0E53-BC28-7F63-2481A409BD6D}"
EndProject
Global
	GlobalSection(SolutionConfigurationPlatforms) = preSolution
		Debug|Any CPU = Debug|Any CPU
		Release|Any CPU = Release|Any CPU
	EndGlobalSection
	GlobalSection(ProjectConfigurationPlatforms) = postSolution
		{32AF1B0E-9893-62B1-671E-2F1CB4E54F37}.Debug|Any CPU.ActiveCfg = Debug|Any CPU
		{32AF1B0E-9893-62B1-671E-2F1CB4E54F37}.Debug|Any CPU.Build.0 = Debug|Any CPU
		{32AF1B0E-9893-62B1-671E-2F1CB4E54F37}.Release|Any CPU.ActiveCfg = Release|Any CPU
		{32AF1B0E-9893-62B1-671E-2F1CB4E54F37}.Release|Any CPU.Build.0 = Release|Any CPU
		{EF3E95DA-0E53-BC28-7F63-2481A409BD6D}.Debug|Any CPU.ActiveCfg = Debug|Any CPU
		{EF3E95DA-0E53-BC28-7F63-2481A409BD6D}.Debug|Any CPU.Build.0 = Debug|Any CPU
		{EF3E95DA-0E53-BC28-7F63-2481A409BD6D}.Release|Any CPU.ActiveCfg = Release|Any CPU
		{EF3E95DA-0E53-BC28-7F63-2481A409BD6D}.Release|Any CPU.Build.0 = Release|Any CPU
	EndGlobalSection
	GlobalSection(SolutionProperties) = preSolution
		HideSolutionNode = FALSE
	EndGlobalSection
	GlobalSection(ExtensibilityGlobals) = postSolution
		SolutionGuid = {F40853DF-0B9F-43C7-A15C-C5723FA9AD50}
	EndGlobalSection
EndGlobal
